
Microsoft Visual Studio Solution File, Format Version 12.00
# Visual Studio Version 17
VisualStudioVersion = 17.14.37411.7
MinimumVisualStudioVersion = 10.0.40219.1
Project("{FAE04EC0-301F-11D3-BF4B-00C04F79EFBC}") = "Gun1-ClassObject", "Gun1-ClassObject\Gun1-ClassObject.csproj", "{CCBFD0F6-0C60-43E7-9C76-4B8C12D81657}"
EndProject
Project("{FAE04EC0-301F-11D3-BF4B-00C04F79EFBC}") = "Gun2-Constructor", "Gun2-Constructor\Gun2-Constructor.csproj", "{97C98E87-1C5A-4A0D-8D4C-55544ED1FE91}"
EndProject
Project("{FAE04EC0-301F-11D3-BF4B-00C04F79EFBC}") = "Gun3-Encapsulation", "Gun3-Encapsulation\Gun3-Encapsulation.csproj", "{E9D4C4D2-3DEE-49AE-9FD7-D91FAE11F312}"
EndProject
Project("{FAE04EC0-301F-11D3-BF4B-00C04F79EFBC}") = "Gun4-Inheritance", "Gun4-Inheritance\Gun4-Inheritance.csproj", "{7A6C3512-45AA-41B2-910D-87033FE39760}"
EndProject
Project("{FAE04EC0-301F-11D3-BF4B-00C04F79EFBC}") = "Gun5-List", "Gun5-List\Gun5-List.csproj", "{25FF2B44-218E-4146-A6FC-CAFBE345A4F0}"
EndProject
Global
	GlobalSection(SolutionConfigurationPlatforms) = preSolution
		Debug|Any CPU = Debug|Any CPU
		Release|Any CPU = Release|Any CPU
	EndGlobalSection
	GlobalSection(ProjectConfigurationPlatforms) = postSolution
		{CCBFD0F6-0C60-43E7-9C76-4B8C12D81657}.Debug|Any CPU.ActiveCfg = Debug|Any CPU
		{CCBFD0F6-0C60-43E7-9C76-4B8C12D81657}.Debug|Any CPU.Build.0 = Debug|Any CPU
		{CCBFD0F6-0C60-43E7-9C76-4B8C12D81657}.Release|Any CPU.ActiveCfg = Release|Any CPU
		{CCBFD0F6-0C60-43E7-9C76-4B8C12D81657}.Release|Any CPU.Build.0 = Release|Any CPU
		{97C98E87-1C5A-4A0D-8D4C-55544ED1FE91}.Debug|Any CPU.ActiveCfg = Debug|Any CPU
		{97C98E87-1C5A-4A0D-8D4C-55544ED1FE91}.Debug|Any CPU.Build.0 = Debug|Any CPU
		{97C98E87-1C5A-4A0D-8D4C-55544ED1FE91}.Release|Any CPU.ActiveCfg = Release|Any CPU
		{97C98E87-1C5A-4A0D-8D4C-55544ED1FE91}.Release|Any CPU.Build.0 = Release|Any CPU
		{E9D4C4D2-3DEE-49AE-9FD7-D91FAE11F312}.Debug|Any CPU.ActiveCfg = Debug|Any CPU
		{E9D4C4D2-3DEE-49AE-9FD7-D91FAE11F312}.Debug|Any CPU.Build.0 = Debug|Any CPU
		{E9D4C4D2-3DEE-49AE-9FD7-D91FAE11F312}.Release|Any CPU.ActiveCfg = Release|Any CPU
		{E9D4C4D2-3DEE-49AE-9FD7-D91FAE11F312}.Release|Any CPU.Build.0 = Release|Any CPU
		{7A6C3512-45AA-41B2-910D-87033FE39760}.Debug|Any CPU.ActiveCfg = Debug|Any CPU
		{7A6C3512-45AA-41B2-910D-87033FE39760}.Debug|Any CPU.Build.0 = Debug|Any CPU
		{7A6C3512-45AA-41B2-910D-87033FE39760}.Release|Any CPU.ActiveCfg = Release|Any CPU
		{7A6C3512-45AA-41B2-910D-87033FE39760}.Release|Any CPU.Build.0 = Release|Any CPU
		{25FF2B44-218E-4146-A6FC-CAFBE345A4F0}.Debug|Any CPU.ActiveCfg = Debug|Any CPU
		{25FF2B44-218E-4146-A6FC-CAFBE345A4F0}.Debug|Any CPU.Build.0 = Debug|Any CPU
		{25FF2B44-218E-4146-A6FC-CAFBE345A4F0}.Release|Any CPU.ActiveCfg = Release|Any CPU
		{25FF2B44-218E-4146-A6FC-CAFBE345A4F0}.Release|Any CPU.Build.0 = Release|Any CPU
	EndGlobalSection
	GlobalSection(SolutionProperties) = preSolution
		HideSolutionNode = FALSE
	EndGlobalSection
	GlobalSection(ExtensibilityGlobals) = postSolution
		SolutionGuid = {E2C56FC0-41C4-4ED9-A45B-EC2147A48103}
	EndGlobalSection
EndGlobal
