
Microsoft Visual Studio Solution File, Format Version 12.00
# Visual Studio Version 17
VisualStudioVersion = 17.14.37411.7
MinimumVisualStudioVersion = 10.0.40219.1
Project("{FAE04EC0-301F-11D3-BF4B-00C04F79EFBC}") = "Gun1-IstemciSunucu", "Gun1-IstemciSunucu\Gun1-IstemciSunucu.csproj", "{9427A4DE-9AFC-4846-8B84-D01D15BDE0FB}"
EndProject
Project("{FAE04EC0-301F-11D3-BF4B-00C04F79EFBC}") = "Gun2-HttpMetotlari", "Gun2-HttpMetotlari\Gun2-HttpMetotlari.csproj", "{804A8F42-D76A-4797-8415-A67834DFFE74}"
EndProject
Project("{FAE04EC0-301F-11D3-BF4B-00C04F79EFBC}") = "Gun3-WebApiProjesi", "Gun3-WebApiProjesi\Gun3-WebApiProjesi.csproj", "{C71DA15E-5FE0-4C3E-8159-2365DA56D27B}"
EndProject
Project("{FAE04EC0-301F-11D3-BF4B-00C04F79EFBC}") = "Gun4-Controller", "Gun4-Controller\Gun4-Controller.csproj", "{37A545F6-1D5B-415B-B6BC-F1809280C27A}"
EndProject
Project("{FAE04EC0-301F-11D3-BF4B-00C04F79EFBC}") = "Gun5-Swagger", "Gun5-Swagger\Gun5-Swagger.csproj", "{C6FD1E33-DA54-4B9B-B21F-BCC74B4255BA}"
EndProject
Global
	GlobalSection(SolutionConfigurationPlatforms) = preSolution
		Debug|Any CPU = Debug|Any CPU
		Release|Any CPU = Release|Any CPU
	EndGlobalSection
	GlobalSection(ProjectConfigurationPlatforms) = postSolution
		{9427A4DE-9AFC-4846-8B84-D01D15BDE0FB}.Debug|Any CPU.ActiveCfg = Debug|Any CPU
		{9427A4DE-9AFC-4846-8B84-D01D15BDE0FB}.Debug|Any CPU.Build.0 = Debug|Any CPU
		{9427A4DE-9AFC-4846-8B84-D01D15BDE0FB}.Release|Any CPU.ActiveCfg = Release|Any CPU
		{9427A4DE-9AFC-4846-8B84-D01D15BDE0FB}.Release|Any CPU.Build.0 = Release|Any CPU
		{804A8F42-D76A-4797-8415-A67834DFFE74}.Debug|Any CPU.ActiveCfg = Debug|Any CPU
		{804A8F42-D76A-4797-8415-A67834DFFE74}.Debug|Any CPU.Build.0 = Debug|Any CPU
		{804A8F42-D76A-4797-8415-A67834DFFE74}.Release|Any CPU.ActiveCfg = Release|Any CPU
		{804A8F42-D76A-4797-8415-A67834DFFE74}.Release|Any CPU.Build.0 = Release|Any CPU
		{C71DA15E-5FE0-4C3E-8159-2365DA56D27B}.Debug|Any CPU.ActiveCfg = Debug|Any CPU
		{C71DA15E-5FE0-4C3E-8159-2365DA56D27B}.Debug|Any CPU.Build.0 = Debug|Any CPU
		{C71DA15E-5FE0-4C3E-8159-2365DA56D27B}.Release|Any CPU.ActiveCfg = Release|Any CPU
		{C71DA15E-5FE0-4C3E-8159-2365DA56D27B}.Release|Any CPU.Build.0 = Release|Any CPU
		{37A545F6-1D5B-415B-B6BC-F1809280C27A}.Debug|Any CPU.ActiveCfg = Debug|Any CPU
		{37A545F6-1D5B-415B-B6BC-F1809280C27A}.Debug|Any CPU.Build.0 = Debug|Any CPU
		{37A545F6-1D5B-415B-B6BC-F1809280C27A}.Release|Any CPU.ActiveCfg = Release|Any CPU
		{37A545F6-1D5B-415B-B6BC-F1809280C27A}.Release|Any CPU.Build.0 = Release|Any CPU
		{C6FD1E33-DA54-4B9B-B21F-BCC74B4255BA}.Debug|Any CPU.ActiveCfg = Debug|Any CPU
		{C6FD1E33-DA54-4B9B-B21F-BCC74B4255BA}.Debug|Any CPU.Build.0 = Debug|Any CPU
		{C6FD1E33-DA54-4B9B-B21F-BCC74B4255BA}.Release|Any CPU.ActiveCfg = Release|Any CPU
		{C6FD1E33-DA54-4B9B-B21F-BCC74B4255BA}.Release|Any CPU.Build.0 = Release|Any CPU
	EndGlobalSection
	GlobalSection(SolutionProperties) = preSolution
		HideSolutionNode = FALSE
	EndGlobalSection
	GlobalSection(ExtensibilityGlobals) = postSolution
		SolutionGuid = {2E1A5874-A811-4886-9D79-D372E5B3912A}
	EndGlobalSection
EndGlobal
