
Microsoft Visual Studio Solution File, Format Version 12.00
# Visual Studio Version 17
VisualStudioVersion = 17.14.37411.7
MinimumVisualStudioVersion = 10.0.40219.1
Project("{FAE04EC0-301F-11D3-BF4B-00C04F79EFBC}") = "Gun1-ORM-Giris", "Gun1-ORM-Giris\Gun1-ORM-Giris.csproj", "{887BCF93-39A5-4234-9969-0887AE2C2823}"
EndProject
Project("{FAE04EC0-301F-11D3-BF4B-00C04F79EFBC}") = "Gun2-DbContext", "Gun2-DbContext\Gun2-DbContext.csproj", "{A20A6F66-FDD2-43CE-B3D1-A0AB047F2EEB}"
EndProject
Global
	GlobalSection(SolutionConfigurationPlatforms) = preSolution
		Debug|Any CPU = Debug|Any CPU
		Release|Any CPU = Release|Any CPU
	EndGlobalSection
	GlobalSection(ProjectConfigurationPlatforms) = postSolution
		{887BCF93-39A5-4234-9969-0887AE2C2823}.Debug|Any CPU.ActiveCfg = Debug|Any CPU
		{887BCF93-39A5-4234-9969-0887AE2C2823}.Debug|Any CPU.Build.0 = Debug|Any CPU
		{887BCF93-39A5-4234-9969-0887AE2C2823}.Release|Any CPU.ActiveCfg = Release|Any CPU
		{887BCF93-39A5-4234-9969-0887AE2C2823}.Release|Any CPU.Build.0 = Release|Any CPU
		{A20A6F66-FDD2-43CE-B3D1-A0AB047F2EEB}.Debug|Any CPU.ActiveCfg = Debug|Any CPU
		{A20A6F66-FDD2-43CE-B3D1-A0AB047F2EEB}.Debug|Any CPU.Build.0 = Debug|Any CPU
		{A20A6F66-FDD2-43CE-B3D1-A0AB047F2EEB}.Release|Any CPU.ActiveCfg = Release|Any CPU
		{A20A6F66-FDD2-43CE-B3D1-A0AB047F2EEB}.Release|Any CPU.Build.0 = Release|Any CPU
	EndGlobalSection
	GlobalSection(SolutionProperties) = preSolution
		HideSolutionNode = FALSE
	EndGlobalSection
	GlobalSection(ExtensibilityGlobals) = postSolution
		SolutionGuid = {945CCD0E-9E36-44B6-BC9B-9C681ADB24FD}
	EndGlobalSection
EndGlobal
