
Microsoft Visual Studio Solution File, Format Version 12.00
# Visual Studio Version 17
VisualStudioVersion = 17.14.37411.7 d17.14
MinimumVisualStudioVersion = 10.0.40219.1
Project("{FAE04EC0-301F-11D3-BF4B-00C04F79EFBC}") = "Gun1-ClassObject", "Gun1-ClassObject\Gun1-ClassObject.csproj", "{AC010560-B59E-42AA-8519-139FB78B0CAE}"
EndProject
Global
	GlobalSection(SolutionConfigurationPlatforms) = preSolution
		Debug|Any CPU = Debug|Any CPU
		Release|Any CPU = Release|Any CPU
	EndGlobalSection
	GlobalSection(ProjectConfigurationPlatforms) = postSolution
		{AC010560-B59E-42AA-8519-139FB78B0CAE}.Debug|Any CPU.ActiveCfg = Debug|Any CPU
		{AC010560-B59E-42AA-8519-139FB78B0CAE}.Debug|Any CPU.Build.0 = Debug|Any CPU
		{AC010560-B59E-42AA-8519-139FB78B0CAE}.Release|Any CPU.ActiveCfg = Release|Any CPU
		{AC010560-B59E-42AA-8519-139FB78B0CAE}.Release|Any CPU.Build.0 = Release|Any CPU
	EndGlobalSection
	GlobalSection(SolutionProperties) = preSolution
		HideSolutionNode = FALSE
	EndGlobalSection
	GlobalSection(ExtensibilityGlobals) = postSolution
		SolutionGuid = {254B551C-B8C1-46D9-A481-B49B51A8A342}
	EndGlobalSection
EndGlobal
